// !$*UTF8*$!
{
	archiveVersion = 1;
	classes = {
	};
	objectVersion = 77;
	objects = {

/* Begin PBXContainerItemProxy section */
		22130D6E2D36A2F6006455BC /* PBXContainerItemProxy */ = {
			isa = PBXContainerItemProxy;
			containerPortal = 22130D4F2D36A2F4006455BC /* Project object */;
			proxyType = 1;
			remoteGlobalIDString = 22130D562D36A2F4006455BC;
			remoteInfo = MovieAPIProject;
		};
		22130D782D36A2F6006455BC /* PBXContainerItemProxy */ = {
			isa = PBXContainerItemProxy;
			containerPortal = 22130D4F2D36A2F4006455BC /* Project object */;
			proxyType = 1;
			remoteGlobalIDString = 22130D562D36A2F4006455BC;
			remoteInfo = MovieAPIProject;
		};
/* End PBXContainerItemProxy section */

/* Begin PBXFileReference section */
		22130D572D36A2F4006455BC /* MovieAPIProject.app */ = {isa = PBXFileReference; explicitFileType = wrapper.application; includeInIndex = 0; path = MovieAPIProject.app; sourceTree = BUILT_PRODUCTS_DIR; };
		22130D6D2D36A2F6006455BC /* MovieAPIProjectTests.xctest */ = {isa = PBXFileReference; explicitFileType = wrapper.cfbundle; includeInIndex = 0; path = MovieAPIProjectTests.xctest; sourceTree = BUILT_PRODUCTS_DIR; };
		22130D772D36A2F6006455BC /* MovieAPIProjectUITests.xctest */ = {isa = PBXFileReference; explicitFileType = wrapper.cfbundle; includeInIndex = 0; path = MovieAPIProjectUITests.xctest; sourceTree = BUILT_PRODUCTS_DIR; };
/* End PBXFileReference section */

/* Begin PBXFileSystemSynchronizedBuildFileExceptionSet section */
		22130D7F2D36A2F6006455BC /* Exceptions for "MovieAPIProject" folder in "MovieAPIProject" target */ = {
			isa = PBXFileSystemSynchronizedBuildFileExceptionSet;
			membershipExceptions = (
				Info.plist,
			);
			target = 22130D562D36A2F4006455BC /* MovieAPIProject */;
		};
/* End PBXFileSystemSynchronizedBuildFileExceptionSet section */

/* Begin PBXFileSystemSynchronizedRootGroup section */
		22130D592D36A2F4006455BC /* MovieAPIProject */ = {
			isa = PBXFileSystemSynchronizedRootGroup;
			exceptions = (
				22130D7F2D36A2F6006455BC /* Exceptions for "MovieAPIProject" folder in "MovieAPIProject" target */,
			);
			path = MovieAPIProject;
			sourceTree = "<group>";
		};
		22130D702D36A2F6006455BC /* MovieAPIProjectTests */ = {
			isa = PBXFileSystemSynchronizedRootGroup;
			path = MovieAPIProjectTests;
			sourceTree = "<group>";
		};
		22130D7A2D36A2F6006455BC /* MovieAPIProjectUITests */ = {
			isa = PBXFileSystemSynchronizedRootGroup;
			path = MovieAPIProjectUITests;
			sourceTree = "<group>";
		};
/* End PBXFileSystemSynchronizedRootGroup section */

/* Begin PBXFrameworksBuildPhase section */
		22130D542D36A2F4006455BC /* Frameworks */ = {
			isa = PBXFrameworksBuildPhase;
			buildActionMask = 2147483647;
			files = (
			);
			runOnlyForDeploymentPostprocessing = 0;
		};
		22130D6A2D36A2F6006455BC /* Frameworks */ = {
			isa = PBXFrameworksBuildPhase;
			buildActionMask = 2147483647;
			files = (
			);
			runOnlyForDeploymentPostprocessing = 0;
		};
		22130D742D36A2F6006455BC /* Frameworks */ = {
			isa = PBXFrameworksBuildPhase;
			buildActionMask = 2147483647;
			files = (
			);
			runOnlyForDeploymentPostprocessing = 0;
		};
/* End PBXFrameworksBuildPhase section */

/* Begin PBXGroup section */
		22130D4E2D36A2F4006455BC = {
			isa = PBXGroup;
			children = (
				22130D592D36A2F4006455BC /* MovieAPIProject */,
				22130D702D36A2F6006455BC /* MovieAPIProjectTests */,
				22130D7A2D36A2F6006455BC /* MovieAPIProjectUITests */,
				22130D582D36A2F4006455BC /* Products */,
			);
			sourceTree = "<group>";
		};
		22130D582D36A2F4006455BC /* Products */ = {
			isa = PBXGroup;
			children = (
				22130D572D36A2F4006455BC /* MovieAPIProject.app */,
				22130D6D2D36A2F6006455BC /* MovieAPIProjectTests.xctest */,
				22130D772D36A2F6006455BC /* MovieAPIProjectUITests.xctest */,
			);
			name = Products;
			sourceTree = "<group>";
		};
/* End PBXGroup section */

/* Begin PBXNativeTarget section */
		22130D562D36A2F4006455BC /* MovieAPIProject */ = {
			isa = PBXNativeTarget;
			buildConfigurationList = 22130D802D36A2F6006455BC /* Build configuration list for PBXNativeTarget "MovieAPIProject" */;
			buildPhases = (
				22130D532D36A2F4006455BC /* Sources */,
				22130D542D36A2F4006455BC /* Frameworks */,
				22130D552D36A2F4006455BC /* Resources */,
			);
			buildRules = (
			);
			dependencies = (
			);
			fileSystemSynchronizedGroups = (
				22130D592D36A2F4006455BC /* MovieAPIProject */,
			);
			name = MovieAPIProject;
			packageProductDependencies = (
			);
			productName = MovieAPIProject;
			productReference = 22130D572D36A2F4006455BC /* MovieAPIProject.app */;
			productType = "com.apple.product-type.application";
		};
		22130D6C2D36A2F6006455BC /* MovieAPIProjectTests */ = {
			isa = PBXNativeTarget;
			buildConfigurationList = 22130D852D36A2F6006455BC /* Build configuration list for PBXNativeTarget "MovieAPIProjectTests" */;
			buildPhases = (
				22130D692D36A2F6006455BC /* Sources */,
				22130D6A2D36A2F6006455BC /* Frameworks */,
				22130D6B2D36A2F6006455BC /* Resources */,
			);
			buildRules = (
			);
			dependencies = (
				22130D6F2D36A2F6006455BC /* PBXTargetDependency */,
			);
			fileSystemSynchronizedGroups = (
				22130D702D36A2F6006455BC /* MovieAPIProjectTests */,
			);
			name = MovieAPIProjectTests;
			packageProductDependencies = (
			);
			productName = MovieAPIProjectTests;
			productReference = 22130D6D2D36A2F6006455BC /* MovieAPIProjectTests.xctest */;
			productType = "com.apple.product-type.bundle.unit-test";
		};
		22130D762D36A2F6006455BC /* MovieAPIProjectUITests */ = {
			isa = PBXNativeTarget;
			buildConfigurationList = 22130D882D36A2F6006455BC /* Build configuration list for PBXNativeTarget "MovieAPIProjectUITests" */;
			buildPhases = (
				22130D732D36A2F6006455BC /* Sources */,
				22130D742D36A2F6006455BC /* Frameworks */,
				22130D752D36A2F6006455BC /* Resources */,
			);
			buildRules = (
			);
			dependencies = (
				22130D792D36A2F6006455BC /* PBXTargetDependency */,
			);
			fileSystemSynchronizedGroups = (
				22130D7A2D36A2F6006455BC /* MovieAPIProjectUITests */,
			);
			name = MovieAPIProjectUITests;
			packageProductDependencies = (
			);
			productName = MovieAPIProjectUITests;
			productReference = 22130D772D36A2F6006455BC /* MovieAPIProjectUITests.xctest */;
			productType = "com.apple.product-type.bundle.ui-testing";
		};
/* End PBXNativeTarget section */

/* Begin PBXProject section */
		22130D4F2D36A2F4006455BC /* Project object */ = {
			isa = PBXProject;
			attributes = {
				BuildIndependentTargetsInParallel = 1;
				LastSwiftUpdateCheck = 1620;
				LastUpgradeCheck = 1620;
				TargetAttributes = {
					22130D562D36A2F4006455BC = {
						CreatedOnToolsVersion = 16.2;
					};
					22130D6C2D36A2F6006455BC = {
						CreatedOnToolsVersion = 16.2;
						TestTargetID = 22130D562D36A2F4006455BC;
					};
					22130D762D36A2F6006455BC = {
						CreatedOnToolsVersion = 16.2;
						TestTargetID = 22130D562D36A2F4006455BC;
					};
				};
			};
			buildConfigurationList = 22130D522D36A2F4006455BC /* Build configuration list for PBXProject "MovieAPIProject" */;
			developmentRegion = en;
			hasScannedForEncodings = 0;
			knownRegions = (
				en,
				Base,
			);
			mainGroup = 22130D4E2D36A2F4006455BC;
			minimizedProjectReferenceProxies = 1;
			preferredProjectObjectVersion = 77;
			productRefGroup = 22130D582D36A2F4006455BC /* Products */;
			projectDirPath = "";
			projectRoot = "";
			targets = (
				22130D562D36A2F4006455BC /* MovieAPIProject */,
				22130D6C2D36A2F6006455BC /* MovieAPIProjectTests */,
				22130D762D36A2F6006455BC /* MovieAPIProjectUITests */,
			);
		};
/* End PBXProject section */

/* Begin PBXResourcesBuildPhase section */
		22130D552D36A2F4006455BC /* Resources */ = {
			isa = PBXResourcesBuildPhase;
			buildActionMask = 2147483647;
			files = (
			);
			runOnlyForDeploymentPostprocessing = 0;
		};
		22130D6B2D36A2F6006455BC /* Resources */ = {
			isa = PBXResourcesBuildPhase;
			buildActionMask = 2147483647;
			files = (
			);
			runOnlyForDeploymentPostprocessing = 0;
		};
		22130D752D36A2F6006455BC /* Resources */ = {
			isa = PBXResourcesBuildPhase;
			buildActionMask = 2147483647;
			files = (
			);
			runOnlyForDeploymentPostprocessing = 0;
		};
/* End PBXResourcesBuildPhase section */

/* Begin PBXSourcesBuildPhase section */
		22130D532D36A2F4006455BC /* Sources */ = {
			isa = PBXSourcesBuildPhase;
			buildActionMask = 2147483647;
			files = (
			);
			runOnlyForDeploymentPostprocessing = 0;
		};
		22130D692D36A2F6006455BC /* Sources */ = {
			isa = PBXSourcesBuildPhase;
			buildActionMask = 2147483647;
			files = (
			);
			runOnlyForDeploymentPostprocessing = 0;
		};
		22130D732D36A2F6006455BC /* Sources */ = {
			isa = PBXSourcesBuildPhase;
			buildActionMask = 2147483647;
			files = (
			);
			runOnlyForDeploymentPostprocessing = 0;
		};
/* End PBXSourcesBuildPhase section */

/* Begin PBXTargetDependency section */
		22130D6F2D36A2F6006455BC /* PBXTargetDependency */ = {
			isa = PBXTargetDependency;
			target = 22130D562D36A2F4006455BC /* MovieAPIProject */;
			targetProxy = 22130D6E2D36A2F6006455BC /* PBXContainerItemProxy */;
		};
		22130D792D36A2F6006455BC /* PBXTargetDependency */ = {
			isa = PBXTargetDependency;
			target = 22130D562D36A2F4006455BC /* MovieAPIProject */;
			targetProxy = 22130D782D36A2F6006455BC /* PBXContainerItemProxy */;
		};
/* End PBXTargetDependency section */

/* Begin XCBuildConfiguration section */
		22130D812D36A2F6006455BC /* Debug */ = {
			isa = XCBuildConfiguration;
			buildSettings = {
				ASSETCATALOG_COMPILER_APPICON_NAME = AppIcon;
				ASSETCATALOG_COMPILER_GLOBAL_ACCENT_COLOR_NAME = AccentColor;
				CODE_SIGN_STYLE = Automatic;
				CURRENT_PROJECT_VERSION = 1;
				GENERATE_INFOPLIST_FILE = YES;
				INFOPLIST_FILE = MovieAPIProject/Info.plist;
				INFOPLIST_KEY_UIApplicationSupportsIndirectInputEvents = YES;
				INFOPLIST_KEY_UILaunchStoryboardName = LaunchScreen;
				INFOPLIST_KEY_UIMainStoryboardFile = Main;
				INFOPLIST_KEY_UISupportedInterfaceOrientations_iPad = "UIInterfaceOrientationPortrait UIInterfaceOrientationPortraitUpsideDown UIInterfaceOrientationLandscapeLeft UIInterfaceOrientationLandscapeRight";
				INFOPLIST_KEY_UISupportedInterfaceOrientations_iPhone = "UIInterfaceOrientationPortrait UIInterfaceOrientationLandscapeLeft UIInterfaceOrientationLandscapeRight";
				LD_RUNPATH_SEARCH_PATHS = (
					"$(inherited)",
					"@executable_path/Frameworks",
				);
				MARKETING_VERSION = 1.0;
				PRODUCT_BUNDLE_IDENTIFIER = clc.MovieAPIProject;
				PRODUCT_NAME = "$(TARGET_NAME)";
				SWIFT_EMIT_LOC_STRINGS = YES;
				SWIFT_VERSION = 5.0;
				TARGETED_DEVICE_FAMILY = "1,2";
			};
			name = Debug;
		};
		22130D822D36A2F6006455BC /* Release */ = {
			isa = XCBuildConfiguration;
			buildSettings = {
				ASSETCATALOG_COMPILER_APPICON_NAME = AppIcon;
				ASSETCATALOG_COMPILER_GLOBAL_ACCENT_COLOR_NAME = AccentColor;
				CODE_SIGN_STYLE = Automatic;
				CURRENT_PROJECT_VERSION = 1;
				GENERATE_INFOPLIST_FILE = YES;
				INFOPLIST_FILE = MovieAPIProject/Info.plist;
				INFOPLIST_KEY_UIApplicationSupportsIndirectInputEvents = YES;
				INFOPLIST_KEY_UILaunchStoryboardName = LaunchScreen;
				INFOPLIST_KEY_UIMainStoryboardFile = Main;
				INFOPLIST_KEY_UISupportedInterfaceOrientations_iPad = "UIInterfaceOrientationPortrait UIInterfaceOrientationPortraitUpsideDown UIInterfaceOrientationLandscapeLeft UIInterfaceOrientationLandscapeRight";
				INFOPLIST_KEY_UISupportedInterfaceOrientations_iPhone = "UIInterfaceOrientationPortrait UIInterfaceOrientationLandscapeLeft UIInterfaceOrientationLandscapeRight";
				LD_RUNPATH_SEARCH_PATHS = (
					"$(inherited)",
					"@executable_path/Frameworks",
				);
				MARKETING_VERSION = 1.0;
				PRODUCT_BUNDLE_IDENTIFIER = clc.MovieAPIProject;
				PRODUCT_NAME = "$(TARGET_NAME)";
				SWIFT_EMIT_LOC_STRINGS = YES;
				SWIFT_VERSION = 5.0;
				TARGETED_DEVICE_FAMILY = "1,2";
			};
			name = Release;
		};
		22130D832D36A2F6006455BC /* Debug */ = {
			isa = XCBuildConfiguration;
			buildSettings = {
				ALWAYS_SEARCH_USER_PATHS = NO;
				ASSETCATALOG_COMPILER_GENERATE_SWIFT_ASSET_SYMBOL_EXTENSIONS = YES;
				CLANG_ANALYZER_NONNULL = YES;
				CLANG_ANALYZER_NUMBER_OBJECT_CONVERSION = YES_AGGRESSIVE;
				CLANG_CXX_LANGUAGE_STANDARD = "gnu++20";
				CLANG_ENABLE_MODULES = YES;
				CLANG_ENABLE_OBJC_ARC = YES;
				CLANG_ENABLE_OBJC_WEAK = YES;
				CLANG_WARN_BLOCK_CAPTURE_AUTORELEASING = YES;
				CLANG_WARN_BOOL_CONVERSION = YES;
				CLANG_WARN_COMMA = YES;
				CLANG_WARN_CONSTANT_CONVERSION = YES;
				CLANG_WARN_DEPRECATED_OBJC_IMPLEMENTATIONS = YES;
				CLANG_WARN_DIRECT_OBJC_ISA_USAGE = YES_ERROR;
				CLANG_WARN_DOCUMENTATION_COMMENTS = YES;
				CLANG_WARN_EMPTY_BODY = YES;
				CLANG_WARN_ENUM_CONVERSION = YES;
				CLANG_WARN_INFINITE_RECURSION = YES;
				CLANG_WARN_INT_CONVERSION = YES;
				CLANG_WARN_NON_LITERAL_NULL_CONVERSION = YES;
				CLANG_WARN_OBJC_IMPLICIT_RETAIN_SELF = YES;
				CLANG_WARN_OBJC_LITERAL_CONVERSION = YES;
				CLANG_WARN_OBJC_ROOT_CLASS = YES_ERROR;
				CLANG_WARN_QUOTED_INCLUDE_IN_FRAMEWORK_HEADER = YES;
				CLANG_WARN_RANGE_LOOP_ANALYSIS = YES;
				CLANG_WARN_STRICT_PROTOTYPES = YES;
				CLANG_WARN_SUSPICIOUS_MOVE = YES;
				CLANG_WARN_UNGUARDED_AVAILABILITY = YES_AGGRESSIVE;
				CLANG_WARN_UNREACHABLE_CODE = YES;
				CLANG_WARN__DUPLICATE_METHOD_MATCH = YES;
				COPY_PHASE_STRIP = NO;
				DEBUG_INFORMATION_FORMAT = dwarf;
				ENABLE_STRICT_OBJC_MSGSEND = YES;
				ENABLE_TESTABILITY = YES;
				ENABLE_USER_SCRIPT_SANDBOXING = YES;
				GCC_C_LANGUAGE_STANDARD = gnu17;
				GCC_DYNAMIC_NO_PIC = NO;
				GCC_NO_COMMON_BLOCKS = YES;
				GCC_OPTIMIZATION_LEVEL = 0;
				GCC_PREPROCESSOR_DEFINITIONS = (
					"DEBUG=1",
					"$(inherited)",
				);
				GCC_WARN_64_TO_32_BIT_CONVERSION = YES;
				GCC_WARN_ABOUT_RETURN_TYPE = YES_ERROR;
				GCC_WARN_UNDECLARED_SELECTOR = YES;
				GCC_WARN_UNINITIALIZED_AUTOS = YES_AGGRESSIVE;
				GCC_WARN_UNUSED_FUNCTION = YES;
				GCC_WARN_UNUSED_VARIABLE = YES;
				IPHONEOS_DEPLOYMENT_TARGET = 18.2;
				LOCALIZATION_PREFERS_STRING_CATALOGS = YES;
				MTL_ENABLE_DEBUG_INFO = INCLUDE_SOURCE;
				MTL_FAST_MATH = YES;
				ONLY_ACTIVE_ARCH = YES;
				SDKROOT = iphoneos;
				SWIFT_ACTIVE_COMPILATION_CONDITIONS = "DEBUG $(inherited)";
				SWIFT_OPTIMIZATION_LEVEL = "-Onone";
			};
			name = Debug;
		};
		22130D842D36A2F6006455BC /* Release */ = {
			isa = XCBuildConfiguration;
			buildSettings = {
				ALWAYS_SEARCH_USER_PATHS = NO;
				ASSETCATALOG_COMPILER_GENERATE_SWIFT_ASSET_SYMBOL_EXTENSIONS = YES;
				CLANG_ANALYZER_NONNULL = YES;
				CLANG_ANALYZER_NUMBER_OBJECT_CONVERSION = YES_AGGRESSIVE;
				CLANG_CXX_LANGUAGE_STANDARD = "gnu++20";
				CLANG_ENABLE_MODULES = YES;
				CLANG_ENABLE_OBJC_ARC = YES;
				CLANG_ENABLE_OBJC_WEAK = YES;
				CLANG_WARN_BLOCK_CAPTURE_AUTORELEASING = YES;
				CLANG_WARN_BOOL_CONVERSION = YES;
				CLANG_WARN_COMMA = YES;
				CLANG_WARN_CONSTANT_CONVERSION = YES;
				CLANG_WARN_DEPRECATED_OBJC_IMPLEMENTATIONS = YES;
				CLANG_WARN_DIRECT_OBJC_ISA_USAGE = YES_ERROR;
				CLANG_WARN_DOCUMENTATION_COMMENTS = YES;
				CLANG_WARN_EMPTY_BODY = YES;
				CLANG_WARN_ENUM_CONVERSION = YES;
				CLANG_WARN_INFINITE_RECURSION = YES;
				CLANG_WARN_INT_CONVERSION = YES;
				CLANG_WARN_NON_LITERAL_NULL_CONVERSION = YES;
				CLANG_WARN_OBJC_IMPLICIT_RETAIN_SELF = YES;
				CLANG_WARN_OBJC_LITERAL_CONVERSION = YES;
				CLANG_WARN_OBJC_ROOT_CLASS = YES_ERROR;
				CLANG_WARN_QUOTED_INCLUDE_IN_FRAMEWORK_HEADER = YES;
				CLANG_WARN_RANGE_LOOP_ANALYSIS = YES;
				CLANG_WARN_STRICT_PROTOTYPES = YES;
				CLANG_WARN_SUSPICIOUS_MOVE = YES;
				CLANG_WARN_UNGUARDED_AVAILABILITY = YES_AGGRESSIVE;
				CLANG_WARN_UNREACHABLE_CODE = YES;
				CLANG_WARN__DUPLICATE_METHOD_MATCH = YES;
				COPY_PHASE_STRIP = NO;
				DEBUG_INFORMATION_FORMAT = "dwarf-with-dsym";
				ENABLE_NS_ASSERTIONS = NO;
				ENABLE_STRICT_OBJC_MSGSEND = YES;
				ENABLE_USER_SCRIPT_SANDBOXING = YES;
				GCC_C_LANGUAGE_STANDARD = gnu17;
				GCC_NO_COMMON_BLOCKS = YES;
				GCC_WARN_64_TO_32_BIT_CONVERSION = YES;
				GCC_WARN_ABOUT_RETURN_TYPE = YES_ERROR;
				GCC_WARN_UNDECLARED_SELECTOR = YES;
				GCC_WARN_UNINITIALIZED_AUTOS = YES_AGGRESSIVE;
				GCC_WARN_UNUSED_FUNCTION = YES;
				GCC_WARN_UNUSED_VARIABLE = YES;
				IPHONEOS_DEPLOYMENT_TARGET = 18.2;
				LOCALIZATION_PREFERS_STRING_CATALOGS = YES;
				MTL_ENABLE_DEBUG_INFO = NO;
				MTL_FAST_MATH = YES;
				SDKROOT = iphoneos;
				SWIFT_COMPILATION_MODE = wholemodule;
				VALIDATE_PRODUCT = YES;
			};
			name = Release;
		};
		22130D862D36A2F6006455BC /* Debug */ = {
			isa = XCBuildConfiguration;
			buildSettings = {
				BUNDLE_LOADER = "$(TEST_HOST)";
				CODE_SIGN_STYLE = Automatic;
				CURRENT_PROJECT_VERSION = 1;
				GENERATE_INFOPLIST_FILE = YES;
				IPHONEOS_DEPLOYMENT_TARGET = 18.2;
				MARKETING_VERSION = 1.0;
				PRODUCT_BUNDLE_IDENTIFIER = clc.MovieAPIProjectTests;
				PRODUCT_NAME = "$(TARGET_NAME)";
				SWIFT_EMIT_LOC_STRINGS = NO;
				SWIFT_VERSION = 5.0;
				TARGETED_DEVICE_FAMILY = "1,2";
				TEST_HOST = "$(BUILT_PRODUCTS_DIR)/MovieAPIProject.app/$(BUNDLE_EXECUTABLE_FOLDER_PATH)/MovieAPIProject";
			};
			name = Debug;
		};
		22130D872D36A2F6006455BC /* Release */ = {
			isa = XCBuildConfiguration;
			buildSettings = {
				BUNDLE_LOADER = "$(TEST_HOST)";
				CODE_SIGN_STYLE = Automatic;
				CURRENT_PROJECT_VERSION = 1;
				GENERATE_INFOPLIST_FILE = YES;
				IPHONEOS_DEPLOYMENT_TARGET = 18.2;
				MARKETING_VERSION = 1.0;
				PRODUCT_BUNDLE_IDENTIFIER = clc.MovieAPIProjectTests;
				PRODUCT_NAME = "$(TARGET_NAME)";
				SWIFT_EMIT_LOC_STRINGS = NO;
				SWIFT_VERSION = 5.0;
				TARGETED_DEVICE_FAMILY = "1,2";
				TEST_HOST = "$(BUILT_PRODUCTS_DIR)/MovieAPIProject.app/$(BUNDLE_EXECUTABLE_FOLDER_PATH)/MovieAPIProject";
			};
			name = Release;
		};
		22130D892D36A2F6006455BC /* Debug */ = {
			isa = XCBuildConfiguration;
			buildSettings = {
				CODE_SIGN_STYLE = Automatic;
				CURRENT_PROJECT_VERSION = 1;
				GENERATE_INFOPLIST_FILE = YES;
				MARKETING_VERSION = 1.0;
				PRODUCT_BUNDLE_IDENTIFIER = clc.MovieAPIProjectUITests;
				PRODUCT_NAME = "$(TARGET_NAME)";
				SWIFT_EMIT_LOC_STRINGS = NO;
				SWIFT_VERSION = 5.0;
				TARGETED_DEVICE_FAMILY = "1,2";
				TEST_TARGET_NAME = MovieAPIProject;
			};
			name = Debug;
		};
		22130D8A2D36A2F6006455BC /* Release */ = {
			isa = XCBuildConfiguration;
			buildSettings = {
				CODE_SIGN_STYLE = Automatic;
				CURRENT_PROJECT_VERSION = 1;
				GENERATE_INFOPLIST_FILE = YES;
				MARKETING_VERSION = 1.0;
				PRODUCT_BUNDLE_IDENTIFIER = clc.MovieAPIProjectUITests;
				PRODUCT_NAME = "$(TARGET_NAME)";
				SWIFT_EMIT_LOC_STRINGS = NO;
				SWIFT_VERSION = 5.0;
				TARGETED_DEVICE_FAMILY = "1,2";
				TEST_TARGET_NAME = MovieAPIProject;
			};
			name = Release;
		};
/* End XCBuildConfiguration section */

/* Begin XCConfigurationList section */
		22130D522D36A2F4006455BC /* Build configuration list for PBXProject "MovieAPIProject" */ = {
			isa = XCConfigurationList;
			buildConfigurations = (
				22130D832D36A2F6006455BC /* Debug */,
				22130D842D36A2F6006455BC /* Release */,
			);
			defaultConfigurationIsVisible = 0;
			defaultConfigurationName = Release;
		};
		22130D802D36A2F6006455BC /* Build configuration list for PBXNativeTarget "MovieAPIProject" */ = {
			isa = XCConfigurationList;
			buildConfigurations = (
				22130D812D36A2F6006455BC /* Debug */,
				22130D822D36A2F6006455BC /* Release */,
			);
			defaultConfigurationIsVisible = 0;
			defaultConfigurationName = Release;
		};
		22130D852D36A2F6006455BC /* Build configuration list for PBXNativeTarget "MovieAPIProjectTests" */ = {
			isa = XCConfigurationList;
			buildConfigurations = (
				22130D862D36A2F6006455BC /* Debug */,
				22130D872D36A2F6006455BC /* Release */,
			);
			defaultConfigurationIsVisible = 0;
			defaultConfigurationName = Release;
		};
		22130D882D36A2F6006455BC /* Build configuration list for PBXNativeTarget "MovieAPIProjectUITests" */ = {
			isa = XCConfigurationList;
			buildConfigurations = (
				22130D892D36A2F6006455BC /* Debug */,
				22130D8A2D36A2F6006455BC /* Release */,
			);
			defaultConfigurationIsVisible = 0;
			defaultConfigurationName = Release;
		};
/* End XCConfigurationList section */
	};
	rootObject = 22130D4F2D36A2F4006455BC /* Project object */;
}
